
Microsoft Visual Studio Solution File, Format Version 12.00
# Visual Studio Version 17
VisualStudioVersion = 17.13.35825.156 d17.13
MinimumVisualStudioVersion = 10.0.40219.1
Project("{FAE04EC0-301F-11D3-BF4B-00C04F79EFBC}") = "blogging Website", "blogging Website\blogging Website.csproj", "{16F94C6B-EAE4-4AB0-BC58-91E939198D6A}"
EndProject
Project("{FAE04EC0-301F-11D3-BF4B-00C04F79EFBC}") = "Infrastructure", "Infrastructure\Infrastructure.csproj", "{412C1CA0-2737-4CB5-BE62-20F71AF9FF78}"
EndProject
Project("{FAE04EC0-301F-11D3-BF4B-00C04F79EFBC}") = "Domain", "Domain\Domain.csproj", "{BBAE693C-E06B-45C1-ACD5-CAAD14E0F594}"
EndProject
Project("{FAE04EC0-301F-11D3-BF4B-00C04F79EFBC}") = "Application", "Application\Application.csproj", "{D0FB2FF4-7643-4CD7-AB42-2FA57EFBE846}"
EndProject
Project("{FAE04EC0-301F-11D3-BF4B-00C04F79EFBC}") = "Common", "Common\Common.csproj", "{D06B1C17-6332-4780-BB0C-C4C10611E8E1}"
EndProject
Global
	GlobalSection(SolutionConfigurationPlatforms) = preSolution
		Debug|Any CPU = Debug|Any CPU
		Release|Any CPU = Release|Any CPU
	EndGlobalSection
	GlobalSection(ProjectConfigurationPlatforms) = postSolution
		{16F94C6B-EAE4-4AB0-BC58-91E939198D6A}.Debug|Any CPU.ActiveCfg = Debug|Any CPU
		{16F94C6B-EAE4-4AB0-BC58-91E939198D6A}.Debug|Any CPU.Build.0 = Debug|Any CPU
		{16F94C6B-EAE4-4AB0-BC58-91E939198D6A}.Release|Any CPU.ActiveCfg = Release|Any CPU
		{16F94C6B-EAE4-4AB0-BC58-91E939198D6A}.Release|Any CPU.Build.0 = Release|Any CPU
		{412C1CA0-2737-4CB5-BE62-20F71AF9FF78}.Debug|Any CPU.ActiveCfg = Debug|Any CPU
		{412C1CA0-2737-4CB5-BE62-20F71AF9FF78}.Debug|Any CPU.Build.0 = Debug|Any CPU
		{412C1CA0-2737-4CB5-BE62-20F71AF9FF78}.Release|Any CPU.ActiveCfg = Release|Any CPU
		{412C1CA0-2737-4CB5-BE62-20F71AF9FF78}.Release|Any CPU.Build.0 = Release|Any CPU
		{BBAE693C-E06B-45C1-ACD5-CAAD14E0F594}.Debug|Any CPU.ActiveCfg = Debug|Any CPU
		{BBAE693C-E06B-45C1-ACD5-CAAD14E0F594}.Debug|Any CPU.Build.0 = Debug|Any CPU
		{BBAE693C-E06B-45C1-ACD5-CAAD14E0F594}.Release|Any CPU.ActiveCfg = Release|Any CPU
		{BBAE693C-E06B-45C1-ACD5-CAAD14E0F594}.Release|Any CPU.Build.0 = Release|Any CPU
		{D0FB2FF4-7643-4CD7-AB42-2FA57EFBE846}.Debug|Any CPU.ActiveCfg = Debug|Any CPU
		{D0FB2FF4-7643-4CD7-AB42-2FA57EFBE846}.Debug|Any CPU.Build.0 = Debug|Any CPU
		{D0FB2FF4-7643-4CD7-AB42-2FA57EFBE846}.Release|Any CPU.ActiveCfg = Release|Any CPU
		{D0FB2FF4-7643-4CD7-AB42-2FA57EFBE846}.Release|Any CPU.Build.0 = Release|Any CPU
		{D06B1C17-6332-4780-BB0C-C4C10611E8E1}.Debug|Any CPU.ActiveCfg = Debug|Any CPU
		{D06B1C17-6332-4780-BB0C-C4C10611E8E1}.Debug|Any CPU.Build.0 = Debug|Any CPU
		{D06B1C17-6332-4780-BB0C-C4C10611E8E1}.Release|Any CPU.ActiveCfg = Release|Any CPU
		{D06B1C17-6332-4780-BB0C-C4C10611E8E1}.Release|Any CPU.Build.0 = Release|Any CPU
	EndGlobalSection
	GlobalSection(SolutionProperties) = preSolution
		HideSolutionNode = FALSE
	EndGlobalSection
	GlobalSection(ExtensibilityGlobals) = postSolution
		SolutionGuid = {BBFD0A36-463A-4CC8-BFD5-E3B8237A6397}
	EndGlobalSection
EndGlobal
